
Microsoft Visual Studio Solution File, Format Version 12.00
# Visual Studio 15
Project("{FAE04EC0-301F-11D3-BF4B-00C04F79EFBC}") = "lines.Plugins", "lines.Plugins.csproj", "{4CF9720E-E0C4-9D0B-1E0B-EAA925F24D52}"
EndProject
Project("{FAE04EC0-301F-11D3-BF4B-00C04F79EFBC}") = "lines", "lines.csproj", "{00C7CCF8-2ED9-AA10-48F3-5402803E22D9}"
EndProject
Project("{FAE04EC0-301F-11D3-BF4B-00C04F79EFBC}") = "lines.Editor.Plugins", "lines.Editor.Plugins.csproj", "{849DF430-0B0D-0A46-0ACB-91276B936597}"
EndProject
Global
	GlobalSection(SolutionConfigurationPlatforms) = preSolution
		Debug|Any CPU = Debug|Any CPU
		Release|Any CPU = Release|Any CPU
	EndGlobalSection
	GlobalSection(ProjectConfigurationPlatforms) = postSolution
		{4CF9720E-E0C4-9D0B-1E0B-EAA925F24D52}.Debug|Any CPU.ActiveCfg = Debug|Any CPU
		{4CF9720E-E0C4-9D0B-1E0B-EAA925F24D52}.Debug|Any CPU.Build.0 = Debug|Any CPU
		{4CF9720E-E0C4-9D0B-1E0B-EAA925F24D52}.Release|Any CPU.ActiveCfg = Release|Any CPU
		{4CF9720E-E0C4-9D0B-1E0B-EAA925F24D52}.Release|Any CPU.Build.0 = Release|Any CPU
		{00C7CCF8-2ED9-AA10-48F3-5402803E22D9}.Debug|Any CPU.ActiveCfg = Debug|Any CPU
		{00C7CCF8-2ED9-AA10-48F3-5402803E22D9}.Debug|Any CPU.Build.0 = Debug|Any CPU
		{00C7CCF8-2ED9-AA10-48F3-5402803E22D9}.Release|Any CPU.ActiveCfg = Release|Any CPU
		{00C7CCF8-2ED9-AA10-48F3-5402803E22D9}.Release|Any CPU.Build.0 = Release|Any CPU
		{849DF430-0B0D-0A46-0ACB-91276B936597}.Debug|Any CPU.ActiveCfg = Debug|Any CPU
		{849DF430-0B0D-0A46-0ACB-91276B936597}.Debug|Any CPU.Build.0 = Debug|Any CPU
		{849DF430-0B0D-0A46-0ACB-91276B936597}.Release|Any CPU.ActiveCfg = Release|Any CPU
		{849DF430-0B0D-0A46-0ACB-91276B936597}.Release|Any CPU.Build.0 = Release|Any CPU
	EndGlobalSection
	GlobalSection(SolutionProperties) = preSolution
		HideSolutionNode = FALSE
	EndGlobalSection
EndGlobal
